hash: 9bf66dbc8240f696b14f23a4496e4def68d580d0b5304e024aac60bc84d00ff1
updated: 2017-05-04T09:32:35.077646325-04:00
imports:
- name: github.com/benbjohnson/clock
  version: 7dc76406b6d3c05b5f71a86293cbcf3c4ea03b19
- name: github.com/davecgh/go-spew
  version: 6d212800a42e8ab5c146b8ace3490ee17e5225f9
  subpackages:
  - spew
- name: github.com/gorilla/context
  version: 1ea25387ff6f684839d82767c1733ff4d4d15d0a
- name: github.com/gorilla/mux
  version: 392c28fe23e1c45ddba891b0320b3b5df220beea
- name: github.com/jtacoma/uritemplates
  version: 307ae868f90f4ee1b73ebe4596e0394237dacce8
- name: github.com/lib/pq
  version: 472a0745531a17dbac346e828b4c60e73ddff30c
  subpackages:
  - oid
- name: github.com/mitchellh/mapstructure
  version: 53818660ed4955e899c0bcafa97299a388bd7c8e
- name: github.com/pmezard/go-difflib
  version: d8ed2627bdf02c080bf22230dbb337003b7aba2d
  subpackages:
  - difflib
- name: github.com/prometheus/client_golang
  version: c5b7fccd204277076155f10851dad72b76a49317
  subpackages:
  - prometheus
  - prometheus/promhttp
- name: github.com/prometheus/client_model
  version: 6f3806018612930941127f2a7c6c453ba2c527d2
  subpackages:
  - go
- name: github.com/prometheus/common
  version: 49fee292b27bfff7f354ee0f64e1bc4850462edf
  subpackages:
  - expfmt
  - internal/bitbucket.org/ww/goautoneg
  - model
- name: github.com/prometheus/procfs
  version: a1dba9ce8baed984a2495b658c82687f8157b98f
  subpackages:
  - xfs
- name: github.com/rubenv/sql-migrate
  version: a3e2963537993d229b6e257d10bd8bc640b06ce3
  subpackages:
  - sqlparse
- name: github.com/satori/go.uuid
  version: f9ab0dce87d815821e221626b772e3475a0d2749
- name: github.com/sirupsen/logrus
  version: ba1b36c82c5e05c4f912a88eab0dcd91a171688f
- name: github.com/stretchr/testify
  version: 69483b4bd14f5845b5a1e55bca19e954e827f1d0
  subpackages:
  - assert
- name: github.com/ugorji/go
  version: 708a42d246822952f38190a8d8c4e6b16a0e600c
  subpackages:
  - codec
- name: github.com/urfave/cli
  version: ab403a54a148f2d857920810291539e1f817ee7b
- name: golang.org/x/sys
  version: 8fd966b47dbdd4faa03de0d06e3d733baeb9a1a9
  subpackages:
  - unix
- name: gopkg.in/gorp.v1
  version: c87af80f3cc5036b55b83d77171e156791085e2e
- name: gopkg.in/yaml.v2
  version: a3f3340b5840cee44f372bddb5880fcbc419b46a
testImports: []
